
Microsoft Visual Studio Solution File, Format Version 12.00
# Visual Studio Version 16
VisualStudioVersion = 16.0.31424.327
MinimumVisualStudioVersion = 10.0.40219.1
Project("{FAE04EC0-301F-11D3-BF4B-00C04F79EFBC}") = "VMBR-AutoUpdater", "VMBR-AutoUpdater.csproj", "{68345C1D-83F3-40EB-9D75-7EE942DCC95D}"
EndProject
Global
	GlobalSection(SolutionConfigurationPlatforms) = preSolution
		Debug|Any CPU = Debug|Any CPU
		Release|Any CPU = Release|Any CPU
	EndGlobalSection
	GlobalSection(ProjectConfigurationPlatforms) = postSolution
		{68345C1D-83F3-40EB-9D75-7EE942DCC95D}.Debug|Any CPU.ActiveCfg = Debug|Any CPU
		{68345C1D-83F3-40EB-9D75-7EE942DCC95D}.Debug|Any CPU.Build.0 = Debug|Any CPU
		{68345C1D-83F3-40EB-9D75-7EE942DCC95D}.Release|Any CPU.ActiveCfg = Release|Any CPU
		{68345C1D-83F3-40EB-9D75-7EE942DCC95D}.Release|Any CPU.Build.0 = Release|Any CPU
	EndGlobalSection
	GlobalSection(SolutionProperties) = preSolution
		HideSolutionNode = FALSE
	EndGlobalSection
	GlobalSection(ExtensibilityGlobals) = postSolution
		SolutionGuid = {71C51D22-B751-41DA-9C84-5110EBDF53D1}
	EndGlobalSection
EndGlobal
